
Microsoft Visual Studio Solution File, Format Version 12.00
# Visual Studio Version 16
VisualStudioVersion = 16.0.30503.244
MinimumVisualStudioVersion = 10.0.40219.1
Project("{9A19103F-16F7-4668-BE54-9A1E7A4F7556}") = "DCServices.API", "DCServices.API\DCServices.API.csproj", "{C755AA6E-C255-4FE1-83BC-CDF12CEC1927}"
EndProject
Project("{9A19103F-16F7-4668-BE54-9A1E7A4F7556}") = "DCServices.Services", "DCServices.Application\DCServices.Services.csproj", "{70F72081-8B80-4F60-8471-B64DC0FA876A}"
EndProject
Project("{9A19103F-16F7-4668-BE54-9A1E7A4F7556}") = "DCServices.Data", "DCServices.Data\DCServices.Data.csproj", "{670F386C-D12C-4EB6-B5F3-94C9F3EF796E}"
EndProject
Global
	GlobalSection(SolutionConfigurationPlatforms) = preSolution
		Debug|Any CPU = Debug|Any CPU
		Release|Any CPU = Release|Any CPU
	EndGlobalSection
	GlobalSection(ProjectConfigurationPlatforms) = postSolution
		{C755AA6E-C255-4FE1-83BC-CDF12CEC1927}.Debug|Any CPU.ActiveCfg = Debug|Any CPU
		{C755AA6E-C255-4FE1-83BC-CDF12CEC1927}.Debug|Any CPU.Build.0 = Debug|Any CPU
		{C755AA6E-C255-4FE1-83BC-CDF12CEC1927}.Release|Any CPU.ActiveCfg = Release|Any CPU
		{C755AA6E-C255-4FE1-83BC-CDF12CEC1927}.Release|Any CPU.Build.0 = Release|Any CPU
		{70F72081-8B80-4F60-8471-B64DC0FA876A}.Debug|Any CPU.ActiveCfg = Debug|Any CPU
		{70F72081-8B80-4F60-8471-B64DC0FA876A}.Debug|Any CPU.Build.0 = Debug|Any CPU
		{70F72081-8B80-4F60-8471-B64DC0FA876A}.Release|Any CPU.ActiveCfg = Release|Any CPU
		{70F72081-8B80-4F60-8471-B64DC0FA876A}.Release|Any CPU.Build.0 = Release|Any CPU
		{670F386C-D12C-4EB6-B5F3-94C9F3EF796E}.Debug|Any CPU.ActiveCfg = Debug|Any CPU
		{670F386C-D12C-4EB6-B5F3-94C9F3EF796E}.Debug|Any CPU.Build.0 = Debug|Any CPU
		{670F386C-D12C-4EB6-B5F3-94C9F3EF796E}.Release|Any CPU.ActiveCfg = Release|Any CPU
		{670F386C-D12C-4EB6-B5F3-94C9F3EF796E}.Release|Any CPU.Build.0 = Release|Any CPU
	EndGlobalSection
	GlobalSection(SolutionProperties) = preSolution
		HideSolutionNode = FALSE
	EndGlobalSection
	GlobalSection(ExtensibilityGlobals) = postSolution
		SolutionGuid = {E7B42D66-121A-49DE-9E19-83461CE77DD8}
	EndGlobalSection
EndGlobal
